
Microsoft Visual Studio Solution File, Format Version 12.00
# Visual Studio Version 16
VisualStudioVersion = 16.0.29324.140
MinimumVisualStudioVersion = 10.0.40219.1
Project("{9A19103F-16F7-4668-BE54-9A1E7A4F7556}") = "IsUakr.DAL", "IsUakr.DAL\IsUakr.DAL.csproj", "{B9C3504A-F5F4-4D26-A707-9E76F165EE09}"
EndProject
Project("{9A19103F-16F7-4668-BE54-9A1E7A4F7556}") = "IsUakr.Parcer", "IsUakr.Parcer\IsUakr.Parcer.csproj", "{4FE66E50-8038-46C9-9F91-2760C3171478}"
EndProject
Project("{9A19103F-16F7-4668-BE54-9A1E7A4F7556}") = "IsUakr.MessageBroker", "IsUakr.MessageBroker\IsUakr.MessageBroker.csproj", "{AF1C60FB-6400-4BFD-BB81-A2C21512A491}"
EndProject
Project("{9A19103F-16F7-4668-BE54-9A1E7A4F7556}") = "IsUakr.MessageBroker.Tests", "IsUakr.MessageBroker.Tests\IsUakr.MessageBroker.Tests.csproj", "{091AAC00-A695-4ADA-A9DA-43171FABF3A2}"
EndProject
Project("{9A19103F-16F7-4668-BE54-9A1E7A4F7556}") = "IsUakr.Api.Tests", "IsUakr.Api.Tests\IsUakr.Api.Tests.csproj", "{46AC2A12-E752-4DEF-9485-7FB8D47CFAB6}"
EndProject
Project("{9A19103F-16F7-4668-BE54-9A1E7A4F7556}") = "IsUakr.MessageHandler", "IsUakr.MessageHandler\IsUakr.MessageHandler.csproj", "{FDCAB73E-DD8F-41DE-A84B-55529F84F45D}"
EndProject
Project("{2150E333-8FDC-42A3-9474-1A3956D46DE8}") = "Worker", "Worker", "{45FCEFD1-323D-4DBA-ABF3-16C165FC33ED}"
EndProject
Project("{2150E333-8FDC-42A3-9474-1A3956D46DE8}") = "Web", "Web", "{F442CEC7-1B0A-4C80-B43E-4252C58D17D4}"
EndProject
Project("{2150E333-8FDC-42A3-9474-1A3956D46DE8}") = "MessageBroker", "MessageBroker", "{38808F81-2813-4415-8FA2-FFDC3AA5810B}"
EndProject
Project("{2150E333-8FDC-42A3-9474-1A3956D46DE8}") = "Helpers", "Helpers", "{D41E1995-702F-44C8-9AE6-4CAF50C3130C}"
EndProject
Project("{9A19103F-16F7-4668-BE54-9A1E7A4F7556}") = "IsUakr.MessageHandler.DAL", "IsUakr.MessageHandler.DAL\IsUakr.MessageHandler.DAL.csproj", "{7ACF6295-261D-47B7-8230-D46A0DA1013F}"
EndProject
Project("{9A19103F-16F7-4668-BE54-9A1E7A4F7556}") = "IsUakr.MessageHandler.Tests", "IsUakr.MessageHandler.Tests\IsUakr.MessageHandler.Tests.csproj", "{3EE62502-B649-4575-BCA0-E93C4ECAAB79}"
EndProject
Project("{9A19103F-16F7-4668-BE54-9A1E7A4F7556}") = "IsUakr.Entities", "IsUakr.Entities\IsUakr.Entities.csproj", "{42B352E2-65F9-4F11-B475-280C031FA707}"
EndProject
Project("{2150E333-8FDC-42A3-9474-1A3956D46DE8}") = "Highload", "Highload", "{A42AE8AA-30C7-459C-A1E4-3DAE90F61ADE}"
EndProject
Project("{9A19103F-16F7-4668-BE54-9A1E7A4F7556}") = "IsUakr.HighLoad.Ui", "IsUakr.HighLoad.Ui\IsUakr.HighLoad.Ui.csproj", "{F6F70C4B-0E9A-4D41-8369-5787232231A5}"
EndProject
Project("{9A19103F-16F7-4668-BE54-9A1E7A4F7556}") = "IsUakr.Mvc", "IsUakr.Mvc\IsUakr.Mvc.csproj", "{198DC140-7B90-49B9-ACC1-42E7F199312C}"
EndProject
Global
	GlobalSection(SolutionConfigurationPlatforms) = preSolution
		Debug|Any CPU = Debug|Any CPU
		Release|Any CPU = Release|Any CPU
	EndGlobalSection
	GlobalSection(ProjectConfigurationPlatforms) = postSolution
		{B9C3504A-F5F4-4D26-A707-9E76F165EE09}.Debug|Any CPU.ActiveCfg = Debug|Any CPU
		{B9C3504A-F5F4-4D26-A707-9E76F165EE09}.Debug|Any CPU.Build.0 = Debug|Any CPU
		{B9C3504A-F5F4-4D26-A707-9E76F165EE09}.Release|Any CPU.ActiveCfg = Release|Any CPU
		{B9C3504A-F5F4-4D26-A707-9E76F165EE09}.Release|Any CPU.Build.0 = Release|Any CPU
		{4FE66E50-8038-46C9-9F91-2760C3171478}.Debug|Any CPU.ActiveCfg = Debug|Any CPU
		{4FE66E50-8038-46C9-9F91-2760C3171478}.Debug|Any CPU.Build.0 = Debug|Any CPU
		{4FE66E50-8038-46C9-9F91-2760C3171478}.Release|Any CPU.ActiveCfg = Release|Any CPU
		{4FE66E50-8038-46C9-9F91-2760C3171478}.Release|Any CPU.Build.0 = Release|Any CPU
		{AF1C60FB-6400-4BFD-BB81-A2C21512A491}.Debug|Any CPU.ActiveCfg = Debug|Any CPU
		{AF1C60FB-6400-4BFD-BB81-A2C21512A491}.Debug|Any CPU.Build.0 = Debug|Any CPU
		{AF1C60FB-6400-4BFD-BB81-A2C21512A491}.Release|Any CPU.ActiveCfg = Release|Any CPU
		{AF1C60FB-6400-4BFD-BB81-A2C21512A491}.Release|Any CPU.Build.0 = Release|Any CPU
		{091AAC00-A695-4ADA-A9DA-43171FABF3A2}.Debug|Any CPU.ActiveCfg = Debug|Any CPU
		{091AAC00-A695-4ADA-A9DA-43171FABF3A2}.Debug|Any CPU.Build.0 = Debug|Any CPU
		{091AAC00-A695-4ADA-A9DA-43171FABF3A2}.Release|Any CPU.ActiveCfg = Release|Any CPU
		{091AAC00-A695-4ADA-A9DA-43171FABF3A2}.Release|Any CPU.Build.0 = Release|Any CPU
		{46AC2A12-E752-4DEF-9485-7FB8D47CFAB6}.Debug|Any CPU.ActiveCfg = Debug|Any CPU
		{46AC2A12-E752-4DEF-9485-7FB8D47CFAB6}.Debug|Any CPU.Build.0 = Debug|Any CPU
		{46AC2A12-E752-4DEF-9485-7FB8D47CFAB6}.Release|Any CPU.ActiveCfg = Release|Any CPU
		{46AC2A12-E752-4DEF-9485-7FB8D47CFAB6}.Release|Any CPU.Build.0 = Release|Any CPU
		{FDCAB73E-DD8F-41DE-A84B-55529F84F45D}.Debug|Any CPU.ActiveCfg = Debug|Any CPU
		{FDCAB73E-DD8F-41DE-A84B-55529F84F45D}.Debug|Any CPU.Build.0 = Debug|Any CPU
		{FDCAB73E-DD8F-41DE-A84B-55529F84F45D}.Release|Any CPU.ActiveCfg = Release|Any CPU
		{FDCAB73E-DD8F-41DE-A84B-55529F84F45D}.Release|Any CPU.Build.0 = Release|Any CPU
		{7ACF6295-261D-47B7-8230-D46A0DA1013F}.Debug|Any CPU.ActiveCfg = Debug|Any CPU
		{7ACF6295-261D-47B7-8230-D46A0DA1013F}.Debug|Any CPU.Build.0 = Debug|Any CPU
		{7ACF6295-261D-47B7-8230-D46A0DA1013F}.Release|Any CPU.ActiveCfg = Release|Any CPU
		{7ACF6295-261D-47B7-8230-D46A0DA1013F}.Release|Any CPU.Build.0 = Release|Any CPU
		{3EE62502-B649-4575-BCA0-E93C4ECAAB79}.Debug|Any CPU.ActiveCfg = Debug|Any CPU
		{3EE62502-B649-4575-BCA0-E93C4ECAAB79}.Debug|Any CPU.Build.0 = Debug|Any CPU
		{3EE62502-B649-4575-BCA0-E93C4ECAAB79}.Release|Any CPU.ActiveCfg = Release|Any CPU
		{3EE62502-B649-4575-BCA0-E93C4ECAAB79}.Release|Any CPU.Build.0 = Release|Any CPU
		{42B352E2-65F9-4F11-B475-280C031FA707}.Debug|Any CPU.ActiveCfg = Debug|Any CPU
		{42B352E2-65F9-4F11-B475-280C031FA707}.Debug|Any CPU.Build.0 = Debug|Any CPU
		{42B352E2-65F9-4F11-B475-280C031FA707}.Release|Any CPU.ActiveCfg = Release|Any CPU
		{42B352E2-65F9-4F11-B475-280C031FA707}.Release|Any CPU.Build.0 = Release|Any CPU
		{F6F70C4B-0E9A-4D41-8369-5787232231A5}.Debug|Any CPU.ActiveCfg = Debug|Any CPU
		{F6F70C4B-0E9A-4D41-8369-5787232231A5}.Debug|Any CPU.Build.0 = Debug|Any CPU
		{F6F70C4B-0E9A-4D41-8369-5787232231A5}.Release|Any CPU.ActiveCfg = Release|Any CPU
		{F6F70C4B-0E9A-4D41-8369-5787232231A5}.Release|Any CPU.Build.0 = Release|Any CPU
		{198DC140-7B90-49B9-ACC1-42E7F199312C}.Debug|Any CPU.ActiveCfg = Debug|Any CPU
		{198DC140-7B90-49B9-ACC1-42E7F199312C}.Debug|Any CPU.Build.0 = Debug|Any CPU
		{198DC140-7B90-49B9-ACC1-42E7F199312C}.Release|Any CPU.ActiveCfg = Release|Any CPU
		{198DC140-7B90-49B9-ACC1-42E7F199312C}.Release|Any CPU.Build.0 = Release|Any CPU
	EndGlobalSection
	GlobalSection(SolutionProperties) = preSolution
		HideSolutionNode = FALSE
	EndGlobalSection
	GlobalSection(NestedProjects) = preSolution
		{B9C3504A-F5F4-4D26-A707-9E76F165EE09} = {F442CEC7-1B0A-4C80-B43E-4252C58D17D4}
		{4FE66E50-8038-46C9-9F91-2760C3171478} = {D41E1995-702F-44C8-9AE6-4CAF50C3130C}
		{AF1C60FB-6400-4BFD-BB81-A2C21512A491} = {38808F81-2813-4415-8FA2-FFDC3AA5810B}
		{091AAC00-A695-4ADA-A9DA-43171FABF3A2} = {38808F81-2813-4415-8FA2-FFDC3AA5810B}
		{46AC2A12-E752-4DEF-9485-7FB8D47CFAB6} = {F442CEC7-1B0A-4C80-B43E-4252C58D17D4}
		{FDCAB73E-DD8F-41DE-A84B-55529F84F45D} = {45FCEFD1-323D-4DBA-ABF3-16C165FC33ED}
		{7ACF6295-261D-47B7-8230-D46A0DA1013F} = {45FCEFD1-323D-4DBA-ABF3-16C165FC33ED}
		{3EE62502-B649-4575-BCA0-E93C4ECAAB79} = {45FCEFD1-323D-4DBA-ABF3-16C165FC33ED}
		{42B352E2-65F9-4F11-B475-280C031FA707} = {D41E1995-702F-44C8-9AE6-4CAF50C3130C}
		{F6F70C4B-0E9A-4D41-8369-5787232231A5} = {A42AE8AA-30C7-459C-A1E4-3DAE90F61ADE}
		{198DC140-7B90-49B9-ACC1-42E7F199312C} = {F442CEC7-1B0A-4C80-B43E-4252C58D17D4}
	EndGlobalSection
	GlobalSection(ExtensibilityGlobals) = postSolution
		SolutionGuid = {D7CDE134-64A6-44A1-BE01-1AD8CFA492E2}
	EndGlobalSection
EndGlobal
